
Microsoft Visual Studio Solution File, Format Version 12.00
# Visual Studio Version 16
VisualStudioVersion = 16.0.31613.86
MinimumVisualStudioVersion = 10.0.40219.1
Project("{FAE04EC0-301F-11D3-BF4B-00C04F79EFBC}") = "TesteGit1", "TesteGit1\TesteGit1.csproj", "{F1918E55-B362-4C6C-96FC-9EAD8D9DB361}"
EndProject
Global
	GlobalSection(SolutionConfigurationPlatforms) = preSolution
		Debug|Any CPU = Debug|Any CPU
		Release|Any CPU = Release|Any CPU
	EndGlobalSection
	GlobalSection(ProjectConfigurationPlatforms) = postSolution
		{F1918E55-B362-4C6C-96FC-9EAD8D9DB361}.Debug|Any CPU.ActiveCfg = Debug|Any CPU
		{F1918E55-B362-4C6C-96FC-9EAD8D9DB361}.Debug|Any CPU.Build.0 = Debug|Any CPU
		{F1918E55-B362-4C6C-96FC-9EAD8D9DB361}.Release|Any CPU.ActiveCfg = Release|Any CPU
		{F1918E55-B362-4C6C-96FC-9EAD8D9DB361}.Release|Any CPU.Build.0 = Release|Any CPU
	EndGlobalSection
	GlobalSection(SolutionProperties) = preSolution
		HideSolutionNode = FALSE
	EndGlobalSection
	GlobalSection(ExtensibilityGlobals) = postSolution
		SolutionGuid = {F22AEF5D-28C1-4A6A-8985-860B8C5B21AA}
	EndGlobalSection
EndGlobal
